
Microsoft Visual Studio Solution File, Format Version 12.00
# Visual Studio 14
VisualStudioVersion = 14.0.25420.1
MinimumVisualStudioVersion = 10.0.40219.1
Project("{FAE04EC0-301F-11D3-BF4B-00C04F79EFBC}") = "weatherView", "WebApplication1\weatherView.csproj", "{EB1191D7-601D-4676-8F06-20893D4FBFAB}"
EndProject
Project("{FAE04EC0-301F-11D3-BF4B-00C04F79EFBC}") = "weatherViewTests", "weatherViewTests\weatherViewTests.csproj", "{5C998F01-12C1-445B-83E8-E7A2BABCED34}"
EndProject
Global
	GlobalSection(SolutionConfigurationPlatforms) = preSolution
		Debug|Any CPU = Debug|Any CPU
		Release|Any CPU = Release|Any CPU
	EndGlobalSection
	GlobalSection(ProjectConfigurationPlatforms) = postSolution
		{EB1191D7-601D-4676-8F06-20893D4FBFAB}.Debug|Any CPU.ActiveCfg = Debug|Any CPU
		{EB1191D7-601D-4676-8F06-20893D4FBFAB}.Debug|Any CPU.Build.0 = Debug|Any CPU
		{EB1191D7-601D-4676-8F06-20893D4FBFAB}.Release|Any CPU.ActiveCfg = Release|Any CPU
		{EB1191D7-601D-4676-8F06-20893D4FBFAB}.Release|Any CPU.Build.0 = Release|Any CPU
		{5C998F01-12C1-445B-83E8-E7A2BABCED34}.Debug|Any CPU.ActiveCfg = Debug|Any CPU
		{5C998F01-12C1-445B-83E8-E7A2BABCED34}.Debug|Any CPU.Build.0 = Debug|Any CPU
		{5C998F01-12C1-445B-83E8-E7A2BABCED34}.Release|Any CPU.ActiveCfg = Release|Any CPU
		{5C998F01-12C1-445B-83E8-E7A2BABCED34}.Release|Any CPU.Build.0 = Release|Any CPU
	EndGlobalSection
	GlobalSection(SolutionProperties) = preSolution
		HideSolutionNode = FALSE
	EndGlobalSection
	GlobalSection(ExtensibilityGlobals) = postSolution
		SolutionGuid = {9756C678-FAF4-4940-BF9C-233F907C5B3E}
	EndGlobalSection
EndGlobal
