
Microsoft Visual Studio Solution File, Format Version 12.00
# Visual Studio 15
VisualStudioVersion = 15.0.26730.12
MinimumVisualStudioVersion = 10.0.40219.1
Project("{FAE04EC0-301F-11D3-BF4B-00C04F79EFBC}") = "weatherView", "WebApplication1\weatherView.csproj", "{EB1191D7-601D-4676-8F06-20893D4FBFAB}"
EndProject
Global
	GlobalSection(SolutionConfigurationPlatforms) = preSolution
		Debug|Any CPU = Debug|Any CPU
		Release|Any CPU = Release|Any CPU
	EndGlobalSection
	GlobalSection(ProjectConfigurationPlatforms) = postSolution
		{EB1191D7-601D-4676-8F06-20893D4FBFAB}.Debug|Any CPU.ActiveCfg = Debug|Any CPU
		{EB1191D7-601D-4676-8F06-20893D4FBFAB}.Debug|Any CPU.Build.0 = Debug|Any CPU
		{EB1191D7-601D-4676-8F06-20893D4FBFAB}.Release|Any CPU.ActiveCfg = Release|Any CPU
		{EB1191D7-601D-4676-8F06-20893D4FBFAB}.Release|Any CPU.Build.0 = Release|Any CPU
	EndGlobalSection
	GlobalSection(SolutionProperties) = preSolution
		HideSolutionNode = FALSE
	EndGlobalSection
	GlobalSection(ExtensibilityGlobals) = postSolution
		SolutionGuid = {9756C678-FAF4-4940-BF9C-233F907C5B3E}
	EndGlobalSection
EndGlobal
